
Microsoft Visual Studio Solution File, Format Version 12.00
# Visual Studio Version 17
VisualStudioVersion = 17.2.32427.441
MinimumVisualStudioVersion = 10.0.40219.1
Project("{8BC9CEB8-8B4A-11D0-8D11-00A0C91BC942}") = "Bezier", "Bezier\Bezier.vcxproj", "{B6397688-FB1C-4492-BB1D-E7A97DF2F7E3}"
EndProject
Global
	GlobalSection(SolutionConfigurationPlatforms) = preSolution
		Debug|x64 = Debug|x64
		Debug|x86 = Debug|x86
		Release|x64 = Release|x64
		Release|x86 = Release|x86
	EndGlobalSection
	GlobalSection(ProjectConfigurationPlatforms) = postSolution
		{B6397688-FB1C-4492-BB1D-E7A97DF2F7E3}.Debug|x64.ActiveCfg = Debug|x64
		{B6397688-FB1C-4492-BB1D-E7A97DF2F7E3}.Debug|x64.Build.0 = Debug|x64
		{B6397688-FB1C-4492-BB1D-E7A97DF2F7E3}.Debug|x86.ActiveCfg = Debug|Win32
		{B6397688-FB1C-4492-BB1D-E7A97DF2F7E3}.Debug|x86.Build.0 = Debug|Win32
		{B6397688-FB1C-4492-BB1D-E7A97DF2F7E3}.Release|x64.ActiveCfg = Release|x64
		{B6397688-FB1C-4492-BB1D-E7A97DF2F7E3}.Release|x64.Build.0 = Release|x64
		{B6397688-FB1C-4492-BB1D-E7A97DF2F7E3}.Release|x86.ActiveCfg = Release|Win32
		{B6397688-FB1C-4492-BB1D-E7A97DF2F7E3}.Release|x86.Build.0 = Release|Win32
	EndGlobalSection
	GlobalSection(SolutionProperties) = preSolution
		HideSolutionNode = FALSE
	EndGlobalSection
	GlobalSection(ExtensibilityGlobals) = postSolution
		SolutionGuid = {5AF15E8A-446D-4C4B-9A53-634D22ED3D3E}
	EndGlobalSection
EndGlobal
